
Microsoft Visual Studio Solution File, Format Version 12.00
# Visual Studio Version 17
VisualStudioVersion = 17.10.35122.118
MinimumVisualStudioVersion = 10.0.40219.1
Project("{FAE04EC0-301F-11D3-BF4B-00C04F79EFBC}") = "EventManagement", "EventManagement\EventManagement.csproj", "{085B05D9-0088-413E-824F-9750D2F7AD6C}"
EndProject
Global
	GlobalSection(SolutionConfigurationPlatforms) = preSolution
		Debug|Any CPU = Debug|Any CPU
		Release|Any CPU = Release|Any CPU
	EndGlobalSection
	GlobalSection(ProjectConfigurationPlatforms) = postSolution
		{085B05D9-0088-413E-824F-9750D2F7AD6C}.Debug|Any CPU.ActiveCfg = Debug|Any CPU
		{085B05D9-0088-413E-824F-9750D2F7AD6C}.Debug|Any CPU.Build.0 = Debug|Any CPU
		{085B05D9-0088-413E-824F-9750D2F7AD6C}.Release|Any CPU.ActiveCfg = Release|Any CPU
		{085B05D9-0088-413E-824F-9750D2F7AD6C}.Release|Any CPU.Build.0 = Release|Any CPU
	EndGlobalSection
	GlobalSection(SolutionProperties) = preSolution
		HideSolutionNode = FALSE
	EndGlobalSection
	GlobalSection(ExtensibilityGlobals) = postSolution
		SolutionGuid = {162E710D-D4B9-4789-A66B-D59053553BA5}
	EndGlobalSection
EndGlobal
